{
  "name": "egui-test",
  "lockfileVersion": 2,
  "requires": true,
  "packages": {
    "": {
      "dependencies": {
        "pdf-tool": "file:pdf-tool-1.0.0.tgz"
      }
    },
    "node_modules/pdf-tool": {
      "version": "1.0.0",
      "resolved": "file:pdf-tool-1.0.0.tgz",
      "integrity": "sha512-Y+U9MHEc65y8hBAjTvEIJmkWI6a8Y/NOtQVQkQ+Oa53FfKpDB9MWo/PXYidT5ls6ssKQ7hJVxxDzC2tEq4nYIA==",
      "bundleDependencies": [
        "pdfkit"
      ],
      "license": "ISC",
      "dependencies": {
        "pdfkit": "^0.12.1"
      }
    },
    "node_modules/pdf-tool/node_modules/@swc/helpers": {
      "version": "0.3.17",
      "inBundle": true,
      "license": "MIT",
      "dependencies": {
        "tslib": "^2.4.0"
      }
    },
    "node_modules/pdf-tool/node_modules/available-typed-arrays": {
      "version": "1.0.5",
      "inBundle": true,
      "license": "MIT",
      "engines": {
        "node": ">= 0.4"
      },
      "funding": {
        "url": "https://github.com/sponsors/ljharb"
      }
    },
    "node_modules/pdf-tool/node_modules/base64-js": {
      "version": "1.5.1",
      "funding": [
        {
          "type": "github",
          "url": "https://github.com/sponsors/feross"
        },
        {
          "type": "patreon",
          "url": "https://www.patreon.com/feross"
        },
        {
          "type": "consulting",
          "url": "https://feross.org/support"
        }
      ],
      "inBundle": true,
      "license": "MIT"
    },
    "node_modules/pdf-tool/node_modules/brotli": {
      "version": "1.3.3",
      "inBundle": true,
      "license": "MIT",
      "dependencies": {
        "base64-js": "^1.1.2"
      }
    },
    "node_modules/pdf-tool/node_modules/call-bind": {
      "version": "1.0.2",
      "inBundle": true,
      "license": "MIT",
      "dependencies": {
        "function-bind": "^1.1.1",
        "get-intrinsic": "^1.0.2"
      },
      "funding": {
        "url": "https://github.com/sponsors/ljharb"
      }
    },
    "node_modules/pdf-tool/node_modules/clone": {
      "version": "2.1.2",
      "inBundle": true,
      "license": "MIT",
      "engines": {
        "node": ">=0.8"
      }
    },
    "node_modules/pdf-tool/node_modules/crypto-js": {
      "version": "4.1.1",
      "inBundle": true,
      "license": "MIT"
    },
    "node_modules/pdf-tool/node_modules/deep-equal": {
      "version": "2.0.5",
      "inBundle": true,
      "license": "MIT",
      "dependencies": {
        "call-bind": "^1.0.0",
        "es-get-iterator": "^1.1.1",
        "get-intrinsic": "^1.0.1",
        "is-arguments": "^1.0.4",
        "is-date-object": "^1.0.2",
        "is-regex": "^1.1.1",
        "isarray": "^2.0.5",
        "object-is": "^1.1.4",
        "object-keys": "^1.1.1",
        "object.assign": "^4.1.2",
        "regexp.prototype.flags": "^1.3.0",
        "side-channel": "^1.0.3",
        "which-boxed-primitive": "^1.0.1",
        "which-collection": "^1.0.1",
        "which-typed-array": "^1.1.2"
      },
      "funding": {
        "url": "https://github.com/sponsors/ljharb"
      }
    },
    "node_modules/pdf-tool/node_modules/define-properties": {
      "version": "1.1.4",
      "inBundle": true,
      "license": "MIT",
      "dependencies": {
        "has-property-descriptors": "^1.0.0",
        "object-keys": "^1.1.1"
      },
      "engines": {
        "node": ">= 0.4"
      },
      "funding": {
        "url": "https://github.com/sponsors/ljharb"
      }
    },
    "node_modules/pdf-tool/node_modules/dfa": {
      "version": "1.2.0",
      "inBundle": true,
      "license": "MIT"
    },
    "node_modules/pdf-tool/node_modules/es-abstract": {
      "version": "1.20.1",
      "inBundle": true,
      "license": "MIT",
      "dependencies": {
        "call-bind": "^1.0.2",
        "es-to-primitive": "^1.2.1",
        "function-bind": "^1.1.1",
        "function.prototype.name": "^1.1.5",
        "get-intrinsic": "^1.1.1",
        "get-symbol-description": "^1.0.0",
        "has": "^1.0.3",
        "has-property-descriptors": "^1.0.0",
        "has-symbols": "^1.0.3",
        "internal-slot": "^1.0.3",
        "is-callable": "^1.2.4",
        "is-negative-zero": "^2.0.2",
        "is-regex": "^1.1.4",
        "is-shared-array-buffer": "^1.0.2",
        "is-string": "^1.0.7",
        "is-weakref": "^1.0.2",
        "object-inspect": "^1.12.0",
        "object-keys": "^1.1.1",
        "object.assign": "^4.1.2",
        "regexp.prototype.flags": "^1.4.3",
        "string.prototype.trimend": "^1.0.5",
        "string.prototype.trimstart": "^1.0.5",
        "unbox-primitive": "^1.0.2"
      },
      "engines": {
        "node": ">= 0.4"
      },
      "funding": {
        "url": "https://github.com/sponsors/ljharb"
      }
    },
    "node_modules/pdf-tool/node_modules/es-get-iterator": {
      "version": "1.1.2",
      "inBundle": true,
      "license": "MIT",
      "dependencies": {
        "call-bind": "^1.0.2",
        "get-intrinsic": "^1.1.0",
        "has-symbols": "^1.0.1",
        "is-arguments": "^1.1.0",
        "is-map": "^2.0.2",
        "is-set": "^2.0.2",
        "is-string": "^1.0.5",
        "isarray": "^2.0.5"
      },
      "funding": {
        "url": "https://github.com/sponsors/ljharb"
      }
    },
    "node_modules/pdf-tool/node_modules/es-to-primitive": {
      "version": "1.2.1",
      "inBundle": true,
      "license": "MIT",
      "dependencies": {
        "is-callable": "^1.1.4",
        "is-date-object": "^1.0.1",
        "is-symbol": "^1.0.2"
      },
      "engines": {
        "node": ">= 0.4"
      },
      "funding": {
        "url": "https://github.com/sponsors/ljharb"
      }
    },
    "node_modules/pdf-tool/node_modules/fontkit": {
      "version": "1.9.0",
      "inBundle": true,
      "license": "MIT",
      "dependencies": {
        "@swc/helpers": "^0.3.13",
        "brotli": "^1.3.2",
        "clone": "^2.1.2",
        "deep-equal": "^2.0.5",
        "dfa": "^1.2.0",
        "restructure": "^2.0.1",
        "tiny-inflate": "^1.0.3",
        "unicode-properties": "^1.3.1",
        "unicode-trie": "^2.0.0"
      }
    },
    "node_modules/pdf-tool/node_modules/for-each": {
      "version": "0.3.3",
      "inBundle": true,
      "license": "MIT",
      "dependencies": {
        "is-callable": "^1.1.3"
      }
    },
    "node_modules/pdf-tool/node_modules/function-bind": {
      "version": "1.1.1",
      "inBundle": true,
      "license": "MIT"
    },
    "node_modules/pdf-tool/node_modules/function.prototype.name": {
      "version": "1.1.5",
      "inBundle": true,
      "license": "MIT",
      "dependencies": {
        "call-bind": "^1.0.2",
        "define-properties": "^1.1.3",
        "es-abstract": "^1.19.0",
        "functions-have-names": "^1.2.2"
      },
      "engines": {
        "node": ">= 0.4"
      },
      "funding": {
        "url": "https://github.com/sponsors/ljharb"
      }
    },
    "node_modules/pdf-tool/node_modules/functions-have-names": {
      "version": "1.2.3",
      "inBundle": true,
      "license": "MIT",
      "funding": {
        "url": "https://github.com/sponsors/ljharb"
      }
    },
    "node_modules/pdf-tool/node_modules/get-intrinsic": {
      "version": "1.1.2",
      "inBundle": true,
      "license": "MIT",
      "dependencies": {
        "function-bind": "^1.1.1",
        "has": "^1.0.3",
        "has-symbols": "^1.0.3"
      },
      "funding": {
        "url": "https://github.com/sponsors/ljharb"
      }
    },
    "node_modules/pdf-tool/node_modules/get-symbol-description": {
      "version": "1.0.0",
      "inBundle": true,
      "license": "MIT",
      "dependencies": {
        "call-bind": "^1.0.2",
        "get-intrinsic": "^1.1.1"
      },
      "engines": {
        "node": ">= 0.4"
      },
      "funding": {
        "url": "https://github.com/sponsors/ljharb"
      }
    },
    "node_modules/pdf-tool/node_modules/has": {
      "version": "1.0.3",
      "inBundle": true,
      "license": "MIT",
      "dependencies": {
        "function-bind": "^1.1.1"
      },
      "engines": {
        "node": ">= 0.4.0"
      }
    },
    "node_modules/pdf-tool/node_modules/has-bigints": {
      "version": "1.0.2",
      "inBundle": true,
      "license": "MIT",
      "funding": {
        "url": "https://github.com/sponsors/ljharb"
      }
    },
    "node_modules/pdf-tool/node_modules/has-property-descriptors": {
      "version": "1.0.0",
      "inBundle": true,
      "license": "MIT",
      "dependencies": {
        "get-intrinsic": "^1.1.1"
      },
      "funding": {
        "url": "https://github.com/sponsors/ljharb"
      }
    },
    "node_modules/pdf-tool/node_modules/has-symbols": {
      "version": "1.0.3",
      "inBundle": true,
      "license": "MIT",
      "engines": {
        "node": ">= 0.4"
      },
      "funding": {
        "url": "https://github.com/sponsors/ljharb"
      }
    },
    "node_modules/pdf-tool/node_modules/has-tostringtag": {
      "version": "1.0.0",
      "inBundle": true,
      "license": "MIT",
      "dependencies": {
        "has-symbols": "^1.0.2"
      },
      "engines": {
        "node": ">= 0.4"
      },
      "funding": {
        "url": "https://github.com/sponsors/ljharb"
      }
    },
    "node_modules/pdf-tool/node_modules/internal-slot": {
      "version": "1.0.3",
      "inBundle": true,
      "license": "MIT",
      "dependencies": {
        "get-intrinsic": "^1.1.0",
        "has": "^1.0.3",
        "side-channel": "^1.0.4"
      },
      "engines": {
        "node": ">= 0.4"
      }
    },
    "node_modules/pdf-tool/node_modules/is-arguments": {
      "version": "1.1.1",
      "inBundle": true,
      "license": "MIT",
      "dependencies": {
        "call-bind": "^1.0.2",
        "has-tostringtag": "^1.0.0"
      },
      "engines": {
        "node": ">= 0.4"
      },
      "funding": {
        "url": "https://github.com/sponsors/ljharb"
      }
    },
    "node_modules/pdf-tool/node_modules/is-bigint": {
      "version": "1.0.4",
      "inBundle": true,
      "license": "MIT",
      "dependencies": {
        "has-bigints": "^1.0.1"
      },
      "funding": {
        "url": "https://github.com/sponsors/ljharb"
      }
    },
    "node_modules/pdf-tool/node_modules/is-boolean-object": {
      "version": "1.1.2",
      "inBundle": true,
      "license": "MIT",
      "dependencies": {
        "call-bind": "^1.0.2",
        "has-tostringtag": "^1.0.0"
      },
      "engines": {
        "node": ">= 0.4"
      },
      "funding": {
        "url": "https://github.com/sponsors/ljharb"
      }
    },
    "node_modules/pdf-tool/node_modules/is-callable": {
      "version": "1.2.4",
      "inBundle": true,
      "license": "MIT",
      "engines": {
        "node": ">= 0.4"
      },
      "funding": {
        "url": "https://github.com/sponsors/ljharb"
      }
    },
    "node_modules/pdf-tool/node_modules/is-date-object": {
      "version": "1.0.5",
      "inBundle": true,
      "license": "MIT",
      "dependencies": {
        "has-tostringtag": "^1.0.0"
      },
      "engines": {
        "node": ">= 0.4"
      },
      "funding": {
        "url": "https://github.com/sponsors/ljharb"
      }
    },
    "node_modules/pdf-tool/node_modules/is-map": {
      "version": "2.0.2",
      "inBundle": true,
      "license": "MIT",
      "funding": {
        "url": "https://github.com/sponsors/ljharb"
      }
    },
    "node_modules/pdf-tool/node_modules/is-negative-zero": {
      "version": "2.0.2",
      "inBundle": true,
      "license": "MIT",
      "engines": {
        "node": ">= 0.4"
      },
      "funding": {
        "url": "https://github.com/sponsors/ljharb"
      }
    },
    "node_modules/pdf-tool/node_modules/is-number-object": {
      "version": "1.0.7",
      "inBundle": true,
      "license": "MIT",
      "dependencies": {
        "has-tostringtag": "^1.0.0"
      },
      "engines": {
        "node": ">= 0.4"
      },
      "funding": {
        "url": "https://github.com/sponsors/ljharb"
      }
    },
    "node_modules/pdf-tool/node_modules/is-regex": {
      "version": "1.1.4",
      "inBundle": true,
      "license": "MIT",
      "dependencies": {
        "call-bind": "^1.0.2",
        "has-tostringtag": "^1.0.0"
      },
      "engines": {
        "node": ">= 0.4"
      },
      "funding": {
        "url": "https://github.com/sponsors/ljharb"
      }
    },
    "node_modules/pdf-tool/node_modules/is-set": {
      "version": "2.0.2",
      "inBundle": true,
      "license": "MIT",
      "funding": {
        "url": "https://github.com/sponsors/ljharb"
      }
    },
    "node_modules/pdf-tool/node_modules/is-shared-array-buffer": {
      "version": "1.0.2",
      "inBundle": true,
      "license": "MIT",
      "dependencies": {
        "call-bind": "^1.0.2"
      },
      "funding": {
        "url": "https://github.com/sponsors/ljharb"
      }
    },
    "node_modules/pdf-tool/node_modules/is-string": {
      "version": "1.0.7",
      "inBundle": true,
      "license": "MIT",
      "dependencies": {
        "has-tostringtag": "^1.0.0"
      },
      "engines": {
        "node": ">= 0.4"
      },
      "funding": {
        "url": "https://github.com/sponsors/ljharb"
      }
    },
    "node_modules/pdf-tool/node_modules/is-symbol": {
      "version": "1.0.4",
      "inBundle": true,
      "license": "MIT",
      "dependencies": {
        "has-symbols": "^1.0.2"
      },
      "engines": {
        "node": ">= 0.4"
      },
      "funding": {
        "url": "https://github.com/sponsors/ljharb"
      }
    },
    "node_modules/pdf-tool/node_modules/is-typed-array": {
      "version": "1.1.9",
      "inBundle": true,
      "license": "MIT",
      "dependencies": {
        "available-typed-arrays": "^1.0.5",
        "call-bind": "^1.0.2",
        "es-abstract": "^1.20.0",
        "for-each": "^0.3.3",
        "has-tostringtag": "^1.0.0"
      },
      "engines": {
        "node": ">= 0.4"
      },
      "funding": {
        "url": "https://github.com/sponsors/ljharb"
      }
    },
    "node_modules/pdf-tool/node_modules/is-weakmap": {
      "version": "2.0.1",
      "inBundle": true,
      "license": "MIT",
      "funding": {
        "url": "https://github.com/sponsors/ljharb"
      }
    },
    "node_modules/pdf-tool/node_modules/is-weakref": {
      "version": "1.0.2",
      "inBundle": true,
      "license": "MIT",
      "dependencies": {
        "call-bind": "^1.0.2"
      },
      "funding": {
        "url": "https://github.com/sponsors/ljharb"
      }
    },
    "node_modules/pdf-tool/node_modules/is-weakset": {
      "version": "2.0.2",
      "inBundle": true,
      "license": "MIT",
      "dependencies": {
        "call-bind": "^1.0.2",
        "get-intrinsic": "^1.1.1"
      },
      "funding": {
        "url": "https://github.com/sponsors/ljharb"
      }
    },
    "node_modules/pdf-tool/node_modules/isarray": {
      "version": "2.0.5",
      "inBundle": true,
      "license": "MIT"
    },
    "node_modules/pdf-tool/node_modules/linebreak": {
      "version": "1.1.0",
      "inBundle": true,
      "license": "MIT",
      "dependencies": {
        "base64-js": "0.0.8",
        "unicode-trie": "^2.0.0"
      }
    },
    "node_modules/pdf-tool/node_modules/linebreak/node_modules/base64-js": {
      "version": "0.0.8",
      "inBundle": true,
      "license": "MIT",
      "engines": {
        "node": ">= 0.4"
      }
    },
    "node_modules/pdf-tool/node_modules/object-inspect": {
      "version": "1.12.2",
      "inBundle": true,
      "license": "MIT",
      "funding": {
        "url": "https://github.com/sponsors/ljharb"
      }
    },
    "node_modules/pdf-tool/node_modules/object-is": {
      "version": "1.1.5",
      "inBundle": true,
      "license": "MIT",
      "dependencies": {
        "call-bind": "^1.0.2",
        "define-properties": "^1.1.3"
      },
      "engines": {
        "node": ">= 0.4"
      },
      "funding": {
        "url": "https://github.com/sponsors/ljharb"
      }
    },
    "node_modules/pdf-tool/node_modules/object-keys": {
      "version": "1.1.1",
      "inBundle": true,
      "license": "MIT",
      "engines": {
        "node": ">= 0.4"
      }
    },
    "node_modules/pdf-tool/node_modules/object.assign": {
      "version": "4.1.2",
      "inBundle": true,
      "license": "MIT",
      "dependencies": {
        "call-bind": "^1.0.0",
        "define-properties": "^1.1.3",
        "has-symbols": "^1.0.1",
        "object-keys": "^1.1.1"
      },
      "engines": {
        "node": ">= 0.4"
      },
      "funding": {
        "url": "https://github.com/sponsors/ljharb"
      }
    },
    "node_modules/pdf-tool/node_modules/pako": {
      "version": "0.2.9",
      "inBundle": true,
      "license": "MIT"
    },
    "node_modules/pdf-tool/node_modules/pdfkit": {
      "version": "0.12.3",
      "inBundle": true,
      "license": "MIT",
      "dependencies": {
        "crypto-js": "^4.0.0",
        "fontkit": "^1.8.1",
        "linebreak": "^1.0.2",
        "png-js": "^1.0.0"
      }
    },
    "node_modules/pdf-tool/node_modules/png-js": {
      "version": "1.0.0",
      "inBundle": true
    },
    "node_modules/pdf-tool/node_modules/regexp.prototype.flags": {
      "version": "1.4.3",
      "inBundle": true,
      "license": "MIT",
      "dependencies": {
        "call-bind": "^1.0.2",
        "define-properties": "^1.1.3",
        "functions-have-names": "^1.2.2"
      },
      "engines": {
        "node": ">= 0.4"
      },
      "funding": {
        "url": "https://github.com/sponsors/ljharb"
      }
    },
    "node_modules/pdf-tool/node_modules/restructure": {
      "version": "2.0.1",
      "inBundle": true,
      "license": "MIT"
    },
    "node_modules/pdf-tool/node_modules/side-channel": {
      "version": "1.0.4",
      "inBundle": true,
      "license": "MIT",
      "dependencies": {
        "call-bind": "^1.0.0",
        "get-intrinsic": "^1.0.2",
        "object-inspect": "^1.9.0"
      },
      "funding": {
        "url": "https://github.com/sponsors/ljharb"
      }
    },
    "node_modules/pdf-tool/node_modules/string.prototype.trimend": {
      "version": "1.0.5",
      "inBundle": true,
      "license": "MIT",
      "dependencies": {
        "call-bind": "^1.0.2",
        "define-properties": "^1.1.4",
        "es-abstract": "^1.19.5"
      },
      "funding": {
        "url": "https://github.com/sponsors/ljharb"
      }
    },
    "node_modules/pdf-tool/node_modules/string.prototype.trimstart": {
      "version": "1.0.5",
      "inBundle": true,
      "license": "MIT",
      "dependencies": {
        "call-bind": "^1.0.2",
        "define-properties": "^1.1.4",
        "es-abstract": "^1.19.5"
      },
      "funding": {
        "url": "https://github.com/sponsors/ljharb"
      }
    },
    "node_modules/pdf-tool/node_modules/tiny-inflate": {
      "version": "1.0.3",
      "inBundle": true,
      "license": "MIT"
    },
    "node_modules/pdf-tool/node_modules/tslib": {
      "version": "2.4.0",
      "inBundle": true,
      "license": "0BSD"
    },
    "node_modules/pdf-tool/node_modules/unbox-primitive": {
      "version": "1.0.2",
      "inBundle": true,
      "license": "MIT",
      "dependencies": {
        "call-bind": "^1.0.2",
        "has-bigints": "^1.0.2",
        "has-symbols": "^1.0.3",
        "which-boxed-primitive": "^1.0.2"
      },
      "funding": {
        "url": "https://github.com/sponsors/ljharb"
      }
    },
    "node_modules/pdf-tool/node_modules/unicode-properties": {
      "version": "1.4.1",
      "inBundle": true,
      "license": "MIT",
      "dependencies": {
        "base64-js": "^1.3.0",
        "unicode-trie": "^2.0.0"
      }
    },
    "node_modules/pdf-tool/node_modules/unicode-trie": {
      "version": "2.0.0",
      "inBundle": true,
      "license": "MIT",
      "dependencies": {
        "pako": "^0.2.5",
        "tiny-inflate": "^1.0.0"
      }
    },
    "node_modules/pdf-tool/node_modules/which-boxed-primitive": {
      "version": "1.0.2",
      "inBundle": true,
      "license": "MIT",
      "dependencies": {
        "is-bigint": "^1.0.1",
        "is-boolean-object": "^1.1.0",
        "is-number-object": "^1.0.4",
        "is-string": "^1.0.5",
        "is-symbol": "^1.0.3"
      },
      "funding": {
        "url": "https://github.com/sponsors/ljharb"
      }
    },
    "node_modules/pdf-tool/node_modules/which-collection": {
      "version": "1.0.1",
      "inBundle": true,
      "license": "MIT",
      "dependencies": {
        "is-map": "^2.0.1",
        "is-set": "^2.0.1",
        "is-weakmap": "^2.0.1",
        "is-weakset": "^2.0.1"
      },
      "funding": {
        "url": "https://github.com/sponsors/ljharb"
      }
    },
    "node_modules/pdf-tool/node_modules/which-typed-array": {
      "version": "1.1.8",
      "inBundle": true,
      "license": "MIT",
      "dependencies": {
        "available-typed-arrays": "^1.0.5",
        "call-bind": "^1.0.2",
        "es-abstract": "^1.20.0",
        "for-each": "^0.3.3",
        "has-tostringtag": "^1.0.0",
        "is-typed-array": "^1.1.9"
      },
      "engines": {
        "node": ">= 0.4"
      },
      "funding": {
        "url": "https://github.com/sponsors/ljharb"
      }
    }
  },
  "dependencies": {
    "pdf-tool": {
      "version": "file:pdf-tool-1.0.0.tgz",
      "integrity": "sha512-Y+U9MHEc65y8hBAjTvEIJmkWI6a8Y/NOtQVQkQ+Oa53FfKpDB9MWo/PXYidT5ls6ssKQ7hJVxxDzC2tEq4nYIA==",
      "requires": {
        "pdfkit": "^0.12.1"
      },
      "dependencies": {
        "@swc/helpers": {
          "version": "0.3.17",
          "bundled": true,
          "requires": {
            "tslib": "^2.4.0"
          }
        },
        "available-typed-arrays": {
          "version": "1.0.5",
          "bundled": true
        },
        "base64-js": {
          "version": "1.5.1",
          "bundled": true
        },
        "brotli": {
          "version": "1.3.3",
          "bundled": true,
          "requires": {
            "base64-js": "^1.1.2"
          }
        },
        "call-bind": {
          "version": "1.0.2",
          "bundled": true,
          "requires": {
            "function-bind": "^1.1.1",
            "get-intrinsic": "^1.0.2"
          }
        },
        "clone": {
          "version": "2.1.2",
          "bundled": true
        },
        "crypto-js": {
          "version": "4.1.1",
          "bundled": true
        },
        "deep-equal": {
          "version": "2.0.5",
          "bundled": true,
          "requires": {
            "call-bind": "^1.0.0",
            "es-get-iterator": "^1.1.1",
            "get-intrinsic": "^1.0.1",
            "is-arguments": "^1.0.4",
            "is-date-object": "^1.0.2",
            "is-regex": "^1.1.1",
            "isarray": "^2.0.5",
            "object-is": "^1.1.4",
            "object-keys": "^1.1.1",
            "object.assign": "^4.1.2",
            "regexp.prototype.flags": "^1.3.0",
            "side-channel": "^1.0.3",
            "which-boxed-primitive": "^1.0.1",
            "which-collection": "^1.0.1",
            "which-typed-array": "^1.1.2"
          }
        },
        "define-properties": {
          "version": "1.1.4",
          "bundled": true,
          "requires": {
            "has-property-descriptors": "^1.0.0",
            "object-keys": "^1.1.1"
          }
        },
        "dfa": {
          "version": "1.2.0",
          "bundled": true
        },
        "es-abstract": {
          "version": "1.20.1",
          "bundled": true,
          "requires": {
            "call-bind": "^1.0.2",
            "es-to-primitive": "^1.2.1",
            "function-bind": "^1.1.1",
            "function.prototype.name": "^1.1.5",
            "get-intrinsic": "^1.1.1",
            "get-symbol-description": "^1.0.0",
            "has": "^1.0.3",
            "has-property-descriptors": "^1.0.0",
            "has-symbols": "^1.0.3",
            "internal-slot": "^1.0.3",
            "is-callable": "^1.2.4",
            "is-negative-zero": "^2.0.2",
            "is-regex": "^1.1.4",
            "is-shared-array-buffer": "^1.0.2",
            "is-string": "^1.0.7",
            "is-weakref": "^1.0.2",
            "object-inspect": "^1.12.0",
            "object-keys": "^1.1.1",
            "object.assign": "^4.1.2",
            "regexp.prototype.flags": "^1.4.3",
            "string.prototype.trimend": "^1.0.5",
            "string.prototype.trimstart": "^1.0.5",
            "unbox-primitive": "^1.0.2"
          }
        },
        "es-get-iterator": {
          "version": "1.1.2",
          "bundled": true,
          "requires": {
            "call-bind": "^1.0.2",
            "get-intrinsic": "^1.1.0",
            "has-symbols": "^1.0.1",
            "is-arguments": "^1.1.0",
            "is-map": "^2.0.2",
            "is-set": "^2.0.2",
            "is-string": "^1.0.5",
            "isarray": "^2.0.5"
          }
        },
        "es-to-primitive": {
          "version": "1.2.1",
          "bundled": true,
          "requires": {
            "is-callable": "^1.1.4",
            "is-date-object": "^1.0.1",
            "is-symbol": "^1.0.2"
          }
        },
        "fontkit": {
          "version": "1.9.0",
          "bundled": true,
          "requires": {
            "@swc/helpers": "^0.3.13",
            "brotli": "^1.3.2",
            "clone": "^2.1.2",
            "deep-equal": "^2.0.5",
            "dfa": "^1.2.0",
            "restructure": "^2.0.1",
            "tiny-inflate": "^1.0.3",
            "unicode-properties": "^1.3.1",
            "unicode-trie": "^2.0.0"
          }
        },
        "for-each": {
          "version": "0.3.3",
          "bundled": true,
          "requires": {
            "is-callable": "^1.1.3"
          }
        },
        "function-bind": {
          "version": "1.1.1",
          "bundled": true
        },
        "function.prototype.name": {
          "version": "1.1.5",
          "bundled": true,
          "requires": {
            "call-bind": "^1.0.2",
            "define-properties": "^1.1.3",
            "es-abstract": "^1.19.0",
            "functions-have-names": "^1.2.2"
          }
        },
        "functions-have-names": {
          "version": "1.2.3",
          "bundled": true
        },
        "get-intrinsic": {
          "version": "1.1.2",
          "bundled": true,
          "requires": {
            "function-bind": "^1.1.1",
            "has": "^1.0.3",
            "has-symbols": "^1.0.3"
          }
        },
        "get-symbol-description": {
          "version": "1.0.0",
          "bundled": true,
          "requires": {
            "call-bind": "^1.0.2",
            "get-intrinsic": "^1.1.1"
          }
        },
        "has": {
          "version": "1.0.3",
          "bundled": true,
          "requires": {
            "function-bind": "^1.1.1"
          }
        },
        "has-bigints": {
          "version": "1.0.2",
          "bundled": true
        },
        "has-property-descriptors": {
          "version": "1.0.0",
          "bundled": true,
          "requires": {
            "get-intrinsic": "^1.1.1"
          }
        },
        "has-symbols": {
          "version": "1.0.3",
          "bundled": true
        },
        "has-tostringtag": {
          "version": "1.0.0",
          "bundled": true,
          "requires": {
            "has-symbols": "^1.0.2"
          }
        },
        "internal-slot": {
          "version": "1.0.3",
          "bundled": true,
          "requires": {
            "get-intrinsic": "^1.1.0",
            "has": "^1.0.3",
            "side-channel": "^1.0.4"
          }
        },
        "is-arguments": {
          "version": "1.1.1",
          "bundled": true,
          "requires": {
            "call-bind": "^1.0.2",
            "has-tostringtag": "^1.0.0"
          }
        },
        "is-bigint": {
          "version": "1.0.4",
          "bundled": true,
          "requires": {
            "has-bigints": "^1.0.1"
          }
        },
        "is-boolean-object": {
          "version": "1.1.2",
          "bundled": true,
          "requires": {
            "call-bind": "^1.0.2",
            "has-tostringtag": "^1.0.0"
          }
        },
        "is-callable": {
          "version": "1.2.4",
          "bundled": true
        },
        "is-date-object": {
          "version": "1.0.5",
          "bundled": true,
          "requires": {
            "has-tostringtag": "^1.0.0"
          }
        },
        "is-map": {
          "version": "2.0.2",
          "bundled": true
        },
        "is-negative-zero": {
          "version": "2.0.2",
          "bundled": true
        },
        "is-number-object": {
          "version": "1.0.7",
          "bundled": true,
          "requires": {
            "has-tostringtag": "^1.0.0"
          }
        },
        "is-regex": {
          "version": "1.1.4",
          "bundled": true,
          "requires": {
            "call-bind": "^1.0.2",
            "has-tostringtag": "^1.0.0"
          }
        },
        "is-set": {
          "version": "2.0.2",
          "bundled": true
        },
        "is-shared-array-buffer": {
          "version": "1.0.2",
          "bundled": true,
          "requires": {
            "call-bind": "^1.0.2"
          }
        },
        "is-string": {
          "version": "1.0.7",
          "bundled": true,
          "requires": {
            "has-tostringtag": "^1.0.0"
          }
        },
        "is-symbol": {
          "version": "1.0.4",
          "bundled": true,
          "requires": {
            "has-symbols": "^1.0.2"
          }
        },
        "is-typed-array": {
          "version": "1.1.9",
          "bundled": true,
          "requires": {
            "available-typed-arrays": "^1.0.5",
            "call-bind": "^1.0.2",
            "es-abstract": "^1.20.0",
            "for-each": "^0.3.3",
            "has-tostringtag": "^1.0.0"
          }
        },
        "is-weakmap": {
          "version": "2.0.1",
          "bundled": true
        },
        "is-weakref": {
          "version": "1.0.2",
          "bundled": true,
          "requires": {
            "call-bind": "^1.0.2"
          }
        },
        "is-weakset": {
          "version": "2.0.2",
          "bundled": true,
          "requires": {
            "call-bind": "^1.0.2",
            "get-intrinsic": "^1.1.1"
          }
        },
        "isarray": {
          "version": "2.0.5",
          "bundled": true
        },
        "linebreak": {
          "version": "1.1.0",
          "bundled": true,
          "requires": {
            "base64-js": "0.0.8",
            "unicode-trie": "^2.0.0"
          },
          "dependencies": {
            "base64-js": {
              "version": "0.0.8",
              "bundled": true
            }
          }
        },
        "object-inspect": {
          "version": "1.12.2",
          "bundled": true
        },
        "object-is": {
          "version": "1.1.5",
          "bundled": true,
          "requires": {
            "call-bind": "^1.0.2",
            "define-properties": "^1.1.3"
          }
        },
        "object-keys": {
          "version": "1.1.1",
          "bundled": true
        },
        "object.assign": {
          "version": "4.1.2",
          "bundled": true,
          "requires": {
            "call-bind": "^1.0.0",
            "define-properties": "^1.1.3",
            "has-symbols": "^1.0.1",
            "object-keys": "^1.1.1"
          }
        },
        "pako": {
          "version": "0.2.9",
          "bundled": true
        },
        "pdfkit": {
          "version": "0.12.3",
          "bundled": true,
          "requires": {
            "crypto-js": "^4.0.0",
            "fontkit": "^1.8.1",
            "linebreak": "^1.0.2",
            "png-js": "^1.0.0"
          }
        },
        "png-js": {
          "version": "1.0.0",
          "bundled": true
        },
        "regexp.prototype.flags": {
          "version": "1.4.3",
          "bundled": true,
          "requires": {
            "call-bind": "^1.0.2",
            "define-properties": "^1.1.3",
            "functions-have-names": "^1.2.2"
          }
        },
        "restructure": {
          "version": "2.0.1",
          "bundled": true
        },
        "side-channel": {
          "version": "1.0.4",
          "bundled": true,
          "requires": {
            "call-bind": "^1.0.0",
            "get-intrinsic": "^1.0.2",
            "object-inspect": "^1.9.0"
          }
        },
        "string.prototype.trimend": {
          "version": "1.0.5",
          "bundled": true,
          "requires": {
            "call-bind": "^1.0.2",
            "define-properties": "^1.1.4",
            "es-abstract": "^1.19.5"
          }
        },
        "string.prototype.trimstart": {
          "version": "1.0.5",
          "bundled": true,
          "requires": {
            "call-bind": "^1.0.2",
            "define-properties": "^1.1.4",
            "es-abstract": "^1.19.5"
          }
        },
        "tiny-inflate": {
          "version": "1.0.3",
          "bundled": true
        },
        "tslib": {
          "version": "2.4.0",
          "bundled": true
        },
        "unbox-primitive": {
          "version": "1.0.2",
          "bundled": true,
          "requires": {
            "call-bind": "^1.0.2",
            "has-bigints": "^1.0.2",
            "has-symbols": "^1.0.3",
            "which-boxed-primitive": "^1.0.2"
          }
        },
        "unicode-properties": {
          "version": "1.4.1",
          "bundled": true,
          "requires": {
            "base64-js": "^1.3.0",
            "unicode-trie": "^2.0.0"
          }
        },
        "unicode-trie": {
          "version": "2.0.0",
          "bundled": true,
          "requires": {
            "pako": "^0.2.5",
            "tiny-inflate": "^1.0.0"
          }
        },
        "which-boxed-primitive": {
          "version": "1.0.2",
          "bundled": true,
          "requires": {
            "is-bigint": "^1.0.1",
            "is-boolean-object": "^1.1.0",
            "is-number-object": "^1.0.4",
            "is-string": "^1.0.5",
            "is-symbol": "^1.0.3"
          }
        },
        "which-collection": {
          "version": "1.0.1",
          "bundled": true,
          "requires": {
            "is-map": "^2.0.1",
            "is-set": "^2.0.1",
            "is-weakmap": "^2.0.1",
            "is-weakset": "^2.0.1"
          }
        },
        "which-typed-array": {
          "version": "1.1.8",
          "bundled": true,
          "requires": {
            "available-typed-arrays": "^1.0.5",
            "call-bind": "^1.0.2",
            "es-abstract": "^1.20.0",
            "for-each": "^0.3.3",
            "has-tostringtag": "^1.0.0",
            "is-typed-array": "^1.1.9"
          }
        }
      }
    }
  }
}
